
Microsoft Visual Studio Solution File, Format Version 12.00
# Visual Studio Version 17
VisualStudioVersion = 17.14.37411.7 d17.14
MinimumVisualStudioVersion = 10.0.40219.1
Project("{FAE04EC0-301F-11D3-BF4B-00C04F79EFBC}") = "projeto-bilheteria", "projeto-bilheteria\projeto-bilheteria.csproj", "{63779888-6184-4FA2-828B-9DFFC4629832}"
EndProject
Global
	GlobalSection(SolutionConfigurationPlatforms) = preSolution
		Debug|Any CPU = Debug|Any CPU
		Release|Any CPU = Release|Any CPU
	EndGlobalSection
	GlobalSection(ProjectConfigurationPlatforms) = postSolution
		{63779888-6184-4FA2-828B-9DFFC4629832}.Debug|Any CPU.ActiveCfg = Debug|Any CPU
		{63779888-6184-4FA2-828B-9DFFC4629832}.Debug|Any CPU.Build.0 = Debug|Any CPU
		{63779888-6184-4FA2-828B-9DFFC4629832}.Release|Any CPU.ActiveCfg = Release|Any CPU
		{63779888-6184-4FA2-828B-9DFFC4629832}.Release|Any CPU.Build.0 = Release|Any CPU
	EndGlobalSection
	GlobalSection(SolutionProperties) = preSolution
		HideSolutionNode = FALSE
	EndGlobalSection
	GlobalSection(ExtensibilityGlobals) = postSolution
		SolutionGuid = {82EACC4E-01C2-48DA-A651-83E24FE20F25}
	EndGlobalSection
EndGlobal
